
Microsoft Visual Studio Solution File, Format Version 12.00
# Visual Studio Version 17
VisualStudioVersion = 17.8.34525.116
MinimumVisualStudioVersion = 10.0.40219.1
Project("{9A19103F-16F7-4668-BE54-9A1E7A4F7556}") = "WinFormsApp1", "WinFormsApp1.csproj", "{BE654FA5-0059-4643-8D7A-D3326589C4F5}"
EndProject
Project("{9A19103F-16F7-4668-BE54-9A1E7A4F7556}") = "ConsoleApp1", "..\ConsoleApp1\ConsoleApp1.csproj", "{BB27896F-B6AB-4291-ABF8-232DC5D20BD0}"
EndProject
Project("{FAE04EC0-301F-11D3-BF4B-00C04F79EFBC}") = "WinFormsApp2", "..\WinFormsApp2\WinFormsApp2.csproj", "{4AAC8526-0083-45D6-97E9-69FCB7DBB78A}"
EndProject
Project("{9A19103F-16F7-4668-BE54-9A1E7A4F7556}") = "ConsoleApp2", "..\ConsoleApp2\ConsoleApp2.csproj", "{33943920-2799-4C24-B293-9DE227CC4710}"
EndProject
Project("{9A19103F-16F7-4668-BE54-9A1E7A4F7556}") = "ConsoleApp3", "..\ConsoleApp3\ConsoleApp3.csproj", "{3237D406-B3A4-4D70-BA8C-A0D27B030FEB}"
EndProject
Global
	GlobalSection(SolutionConfigurationPlatforms) = preSolution
		Debug|Any CPU = Debug|Any CPU
		Release|Any CPU = Release|Any CPU
	EndGlobalSection
	GlobalSection(ProjectConfigurationPlatforms) = postSolution
		{BE654FA5-0059-4643-8D7A-D3326589C4F5}.Debug|Any CPU.ActiveCfg = Debug|Any CPU
		{BE654FA5-0059-4643-8D7A-D3326589C4F5}.Debug|Any CPU.Build.0 = Debug|Any CPU
		{BE654FA5-0059-4643-8D7A-D3326589C4F5}.Release|Any CPU.ActiveCfg = Release|Any CPU
		{BE654FA5-0059-4643-8D7A-D3326589C4F5}.Release|Any CPU.Build.0 = Release|Any CPU
		{BB27896F-B6AB-4291-ABF8-232DC5D20BD0}.Debug|Any CPU.ActiveCfg = Debug|Any CPU
		{BB27896F-B6AB-4291-ABF8-232DC5D20BD0}.Debug|Any CPU.Build.0 = Debug|Any CPU
		{BB27896F-B6AB-4291-ABF8-232DC5D20BD0}.Release|Any CPU.ActiveCfg = Release|Any CPU
		{BB27896F-B6AB-4291-ABF8-232DC5D20BD0}.Release|Any CPU.Build.0 = Release|Any CPU
		{4AAC8526-0083-45D6-97E9-69FCB7DBB78A}.Debug|Any CPU.ActiveCfg = Debug|Any CPU
		{4AAC8526-0083-45D6-97E9-69FCB7DBB78A}.Debug|Any CPU.Build.0 = Debug|Any CPU
		{4AAC8526-0083-45D6-97E9-69FCB7DBB78A}.Release|Any CPU.ActiveCfg = Release|Any CPU
		{4AAC8526-0083-45D6-97E9-69FCB7DBB78A}.Release|Any CPU.Build.0 = Release|Any CPU
		{33943920-2799-4C24-B293-9DE227CC4710}.Debug|Any CPU.ActiveCfg = Debug|Any CPU
		{33943920-2799-4C24-B293-9DE227CC4710}.Debug|Any CPU.Build.0 = Debug|Any CPU
		{33943920-2799-4C24-B293-9DE227CC4710}.Release|Any CPU.ActiveCfg = Release|Any CPU
		{33943920-2799-4C24-B293-9DE227CC4710}.Release|Any CPU.Build.0 = Release|Any CPU
		{3237D406-B3A4-4D70-BA8C-A0D27B030FEB}.Debug|Any CPU.ActiveCfg = Debug|Any CPU
		{3237D406-B3A4-4D70-BA8C-A0D27B030FEB}.Debug|Any CPU.Build.0 = Debug|Any CPU
		{3237D406-B3A4-4D70-BA8C-A0D27B030FEB}.Release|Any CPU.ActiveCfg = Release|Any CPU
		{3237D406-B3A4-4D70-BA8C-A0D27B030FEB}.Release|Any CPU.Build.0 = Release|Any CPU
	EndGlobalSection
	GlobalSection(SolutionProperties) = preSolution
		HideSolutionNode = FALSE
	EndGlobalSection
	GlobalSection(ExtensibilityGlobals) = postSolution
		SolutionGuid = {43863EB7-3746-41D6-AD2B-B688DDC256B1}
	EndGlobalSection
EndGlobal
